{
  "version": 4,
  "terraform_version": "0.15.3",
  "serial": 22,
  "lineage": "dcc92bc0-8f20-46af-ab6d-b2653622d04f",
  "outputs": {},
  "resources": [
    {
      "mode": "managed",
      "type": "aws_instance",
      "name": "ubuntu",
      "provider": "provider[\"registry.terraform.io/hashicorp/aws\"]",
      "instances": [
        {
          "schema_version": 1,
          "attributes": {
            "ami": "ami-07d0cf3af28718ef8",
            "arn": "arn:aws:ec2:us-east-1:056373881927:instance/i-0520b674a85b4f2dd",
            "associate_public_ip_address": true,
            "availability_zone": "us-east-1a",
            "cpu_core_count": 1,
            "cpu_threads_per_core": 1,
            "credit_specification": [
              {
                "cpu_credits": "standard"
              }
            ],
            "disable_api_termination": false,
            "ebs_block_device": [],
            "ebs_optimized": false,
            "enclave_options": [
              {
                "enabled": false
              }
            ],
            "ephemeral_block_device": [],
            "get_password_data": false,
            "hibernation": false,
            "host_id": null,
            "iam_instance_profile": "",
            "id": "i-0520b674a85b4f2dd",
            "instance_initiated_shutdown_behavior": "stop",
            "instance_state": "running",
            "instance_type": "t2.micro",
            "ipv6_address_count": 0,
            "ipv6_addresses": [],
            "key_name": "",
            "metadata_options": [
              {
                "http_endpoint": "enabled",
                "http_put_response_hop_limit": 1,
                "http_tokens": "optional"
              }
            ],
            "monitoring": false,
            "network_interface": [],
            "outpost_arn": "",
            "password_data": "",
            "placement_group": "",
            "primary_network_interface_id": "eni-0d453a2bbd44ffef0",
            "private_dns": "ip-172-31-17-211.ec2.internal",
            "private_ip": "172.31.17.211",
            "public_dns": "ec2-54-147-215-93.compute-1.amazonaws.com",
            "public_ip": "54.147.215.93",
            "root_block_device": [
              {
                "delete_on_termination": true,
                "device_name": "/dev/sda1",
                "encrypted": false,
                "iops": 100,
                "kms_key_id": "",
                "tags": {},
                "throughput": 0,
                "volume_id": "vol-0c8bcf5cdd0244e70",
                "volume_size": 8,
                "volume_type": "gp2"
              }
            ],
            "secondary_private_ips": [],
            "security_groups": [
              "default"
            ],
            "source_dest_check": true,
            "subnet_id": "subnet-77111d3a",
            "tags": {
              "Name": "HelloTerraform"
            },
            "tags_all": {
              "Name": "HelloTerraform"
            },
            "tenancy": "default",
            "timeouts": null,
            "user_data": null,
            "user_data_base64": null,
            "volume_tags": null,
            "vpc_security_group_ids": [
              "sg-5591b750"
            ]
          },
          "sensitive_attributes": [],
          "private": "eyJlMmJmYjczMC1lY2FhLTExZTYtOGY4OC0zNDM2M2JjN2M0YzAiOnsiY3JlYXRlIjo2MDAwMDAwMDAwMDAsImRlbGV0ZSI6MTIwMDAwMDAwMDAwMCwidXBkYXRlIjo2MDAwMDAwMDAwMDB9LCJzY2hlbWFfdmVyc2lvbiI6IjEifQ=="
        }
      ]
    },
    {
      "mode": "managed",
      "type": "aws_key_pair",
      "name": "test",
      "provider": "provider[\"registry.terraform.io/hashicorp/aws\"]",
      "instances": [
        {
          "schema_version": 1,
          "attributes": {
            "arn": "arn:aws:ec2:us-east-1:056373881927:key-pair/test2",
            "fingerprint": "17:1d:64:6b:0a:ef:23:9b:aa:ec:c3:09:83:ef:8d:57",
            "id": "test2",
            "key_name": "test2",
            "key_name_prefix": null,
            "key_pair_id": "key-05814963334f70d2b",
            "public_key": "ssh-rsa AAAAB3NzaC1yc2EAAAADAQABAAABAQDMhBR/s1LCLCooMBEdpauqntJ7kLzfM08pJxyeQA8C68VBthbW/elXEoGqxs3O2uGaeiwI8rinVu2mR+mfLFEj4FeZpfwUmQf3UrZ+xNFCdYRW9P2k0Jc5UnA23X7TSNk7fJSjAmo0Hcq7kDYbmdqZL02IvZ3DJnDrdBCpEyevOHZpS+Jp3qv/O8URFxqIjgQ/f3qDhQZht+EqQ7AF2BFlgGW6HcuziRZ5EjpmVAFTAXG9ujEPxs+h72UYqxbX9cEP0TskUibNw2DFpsDIrKJD3QQQnmBdpmNvMvkkq44Ynof8yH9h5PpbQa42F4FrfHczD//LauU73rQB6bp3symD jester350@gmail.com",
            "tags": null,
            "tags_all": {}
          },
          "sensitive_attributes": [],
          "private": "eyJzY2hlbWFfdmVyc2lvbiI6IjEifQ=="
        }
      ]
    }
  ]
}
